
Microsoft Visual Studio Solution File, Format Version 12.00
# Visual Studio 15
VisualStudioVersion = 15.0.26124.0
MinimumVisualStudioVersion = 15.0.26124.0
Project("{2150E333-8FDC-42A3-9474-1A3956D46DE8}") = "src", "src", "{CBFE4C2D-DAFF-4B6A-8AE4-F10D1F6E786B}"
EndProject
Project("{F2A71F9B-5D33-465A-A702-920D77279786}") = "Life.Client", "src\client\Life.Client.fsproj", "{96FDACF0-15F5-417B-A73F-8257F11E629C}"
EndProject
Project("{F2A71F9B-5D33-465A-A702-920D77279786}") = "Life.Server", "src\server\Life.Server.fsproj", "{53924BD8-608F-4ADF-B40C-14A5DFEAB350}"
EndProject
Global
	GlobalSection(SolutionConfigurationPlatforms) = preSolution
		Debug|Any CPU = Debug|Any CPU
		Debug|x64 = Debug|x64
		Debug|x86 = Debug|x86
		Release|Any CPU = Release|Any CPU
		Release|x64 = Release|x64
		Release|x86 = Release|x86
	EndGlobalSection
	GlobalSection(SolutionProperties) = preSolution
		HideSolutionNode = FALSE
	EndGlobalSection
	GlobalSection(ProjectConfigurationPlatforms) = postSolution
		{96FDACF0-15F5-417B-A73F-8257F11E629C}.Debug|Any CPU.ActiveCfg = Debug|Any CPU
		{96FDACF0-15F5-417B-A73F-8257F11E629C}.Debug|Any CPU.Build.0 = Debug|Any CPU
		{96FDACF0-15F5-417B-A73F-8257F11E629C}.Debug|x64.ActiveCfg = Debug|Any CPU
		{96FDACF0-15F5-417B-A73F-8257F11E629C}.Debug|x64.Build.0 = Debug|Any CPU
		{96FDACF0-15F5-417B-A73F-8257F11E629C}.Debug|x86.ActiveCfg = Debug|Any CPU
		{96FDACF0-15F5-417B-A73F-8257F11E629C}.Debug|x86.Build.0 = Debug|Any CPU
		{96FDACF0-15F5-417B-A73F-8257F11E629C}.Release|Any CPU.ActiveCfg = Release|Any CPU
		{96FDACF0-15F5-417B-A73F-8257F11E629C}.Release|Any CPU.Build.0 = Release|Any CPU
		{96FDACF0-15F5-417B-A73F-8257F11E629C}.Release|x64.ActiveCfg = Release|Any CPU
		{96FDACF0-15F5-417B-A73F-8257F11E629C}.Release|x64.Build.0 = Release|Any CPU
		{96FDACF0-15F5-417B-A73F-8257F11E629C}.Release|x86.ActiveCfg = Release|Any CPU
		{96FDACF0-15F5-417B-A73F-8257F11E629C}.Release|x86.Build.0 = Release|Any CPU
		{53924BD8-608F-4ADF-B40C-14A5DFEAB350}.Debug|Any CPU.ActiveCfg = Debug|Any CPU
		{53924BD8-608F-4ADF-B40C-14A5DFEAB350}.Debug|Any CPU.Build.0 = Debug|Any CPU
		{53924BD8-608F-4ADF-B40C-14A5DFEAB350}.Debug|x64.ActiveCfg = Debug|Any CPU
		{53924BD8-608F-4ADF-B40C-14A5DFEAB350}.Debug|x64.Build.0 = Debug|Any CPU
		{53924BD8-608F-4ADF-B40C-14A5DFEAB350}.Debug|x86.ActiveCfg = Debug|Any CPU
		{53924BD8-608F-4ADF-B40C-14A5DFEAB350}.Debug|x86.Build.0 = Debug|Any CPU
		{53924BD8-608F-4ADF-B40C-14A5DFEAB350}.Release|Any CPU.ActiveCfg = Release|Any CPU
		{53924BD8-608F-4ADF-B40C-14A5DFEAB350}.Release|Any CPU.Build.0 = Release|Any CPU
		{53924BD8-608F-4ADF-B40C-14A5DFEAB350}.Release|x64.ActiveCfg = Release|Any CPU
		{53924BD8-608F-4ADF-B40C-14A5DFEAB350}.Release|x64.Build.0 = Release|Any CPU
		{53924BD8-608F-4ADF-B40C-14A5DFEAB350}.Release|x86.ActiveCfg = Release|Any CPU
		{53924BD8-608F-4ADF-B40C-14A5DFEAB350}.Release|x86.Build.0 = Release|Any CPU
	EndGlobalSection
	GlobalSection(NestedProjects) = preSolution
		{96FDACF0-15F5-417B-A73F-8257F11E629C} = {CBFE4C2D-DAFF-4B6A-8AE4-F10D1F6E786B}
		{53924BD8-608F-4ADF-B40C-14A5DFEAB350} = {CBFE4C2D-DAFF-4B6A-8AE4-F10D1F6E786B}
	EndGlobalSection
EndGlobal
